<?xml version="1.0" encoding="utf-8"?>
<Project ToolsVersion="4.0" xmlns="http://schemas.microsoft.com/developer/msbuild/2003">
  <ItemGroup>
    <ClCompile Include="..\..\..\source\Blackboard.cpp" />
    <ClCompile Include="..\..\..\source\Facade.cpp" />
    <ClCompile Include="..\..\..\source\Image.cpp" />
    <ClCompile Include="..\..\..\source\ImageLoader.cpp" />
    <ClCompile Include="..\..\..\source\RenderContext.cpp" />
    <ClCompile Include="..\..\..\source\ResPool.cpp" />
    <ClCompile Include="..\..\..\source\Texture.cpp" />
    <ClCompile Include="..\..\..\source\GTxt.cpp">
      <Filter>3rd</Filter>
    </ClCompile>
    <ClCompile Include="..\..\..\source\DTex.cpp">
      <Filter>3rd</Filter>
    </ClCompile>
  </ItemGroup>
  <ItemGroup>
    <ClInclude Include="..\..\..\include\facade\Blackboard.h" />
    <ClInclude Include="..\..\..\include\facade\Facade.h" />
    <ClInclude Include="..\..\..\include\facade\Image.h" />
    <ClInclude Include="..\..\..\include\facade\ImageLoader.h" />
    <ClInclude Include="..\..\..\include\facade\RenderContext.h" />
    <ClInclude Include="..\..\..\include\facade\ResPool.h" />
    <ClInclude Include="..\..\..\include\facade\Texture.h" />
    <ClInclude Include="..\..\..\include\facade\GTxt.h">
      <Filter>3rd</Filter>
    </ClInclude>
    <ClInclude Include="..\..\..\include\facade\DTex.h">
      <Filter>3rd</Filter>
    </ClInclude>
  </ItemGroup>
  <ItemGroup>
    <None Include="..\..\..\include\facade\ResPool.inl" />
  </ItemGroup>
  <ItemGroup>
    <Filter Include="3rd">
      <UniqueIdentifier>{652da6b4-2405-423f-98ea-21571696ad78}</UniqueIdentifier>
    </Filter>
  </ItemGroup>
</Project>